
Microsoft Visual Studio Solution File, Format Version 12.00
# Visual Studio Version 17
VisualStudioVersion = 17.8.34511.84
MinimumVisualStudioVersion = 10.0.40219.1
Project("{FAE04EC0-301F-11D3-BF4B-00C04F79EFBC}") = "Planillas", "Planillas\Planillas.csproj", "{AEEF37CC-9DB7-4396-976B-E2306260C8E1}"
EndProject
Global
	GlobalSection(SolutionConfigurationPlatforms) = preSolution
		Debug|Any CPU = Debug|Any CPU
		Release|Any CPU = Release|Any CPU
	EndGlobalSection
	GlobalSection(ProjectConfigurationPlatforms) = postSolution
		{AEEF37CC-9DB7-4396-976B-E2306260C8E1}.Debug|Any CPU.ActiveCfg = Debug|Any CPU
		{AEEF37CC-9DB7-4396-976B-E2306260C8E1}.Debug|Any CPU.Build.0 = Debug|Any CPU
		{AEEF37CC-9DB7-4396-976B-E2306260C8E1}.Release|Any CPU.ActiveCfg = Release|Any CPU
		{AEEF37CC-9DB7-4396-976B-E2306260C8E1}.Release|Any CPU.Build.0 = Release|Any CPU
	EndGlobalSection
	GlobalSection(SolutionProperties) = preSolution
		HideSolutionNode = FALSE
	EndGlobalSection
	GlobalSection(ExtensibilityGlobals) = postSolution
		SolutionGuid = {247A2D1C-4CA9-4F4A-AF0A-91BFB80AD0D5}
	EndGlobalSection
EndGlobal
